
Microsoft Visual Studio Solution File, Format Version 12.00
# Visual Studio Version 16
VisualStudioVersion = 16.0.30907.101
MinimumVisualStudioVersion = 10.0.40219.1
Project("{FAE04EC0-301F-11D3-BF4B-00C04F79EFBC}") = "AIS_REST", "AIS_REST\AIS_REST.csproj", "{D82C0DE1-7D9A-4E8F-BB53-A15E05AD843C}"
EndProject
Global
	GlobalSection(SolutionConfigurationPlatforms) = preSolution
		Debug|Any CPU = Debug|Any CPU
		Release|Any CPU = Release|Any CPU
	EndGlobalSection
	GlobalSection(ProjectConfigurationPlatforms) = postSolution
		{D82C0DE1-7D9A-4E8F-BB53-A15E05AD843C}.Debug|Any CPU.ActiveCfg = Release|Any CPU
		{D82C0DE1-7D9A-4E8F-BB53-A15E05AD843C}.Debug|Any CPU.Build.0 = Release|Any CPU
		{D82C0DE1-7D9A-4E8F-BB53-A15E05AD843C}.Release|Any CPU.ActiveCfg = Debug|Any CPU
		{D82C0DE1-7D9A-4E8F-BB53-A15E05AD843C}.Release|Any CPU.Build.0 = Debug|Any CPU
	EndGlobalSection
	GlobalSection(SolutionProperties) = preSolution
		HideSolutionNode = FALSE
	EndGlobalSection
	GlobalSection(ExtensibilityGlobals) = postSolution
		SolutionGuid = {677673F3-23C7-4A8B-B833-4EDEFE3614AF}
	EndGlobalSection
EndGlobal
